
Microsoft Visual Studio Solution File, Format Version 12.00
# Visual Studio Version 17
VisualStudioVersion = 17.13.35818.85 d17.13
MinimumVisualStudioVersion = 10.0.40219.1
Project("{FAE04EC0-301F-11D3-BF4B-00C04F79EFBC}") = "ConsoleApp224SGBD2025", "ConsoleApp224SGBD2025.csproj", "{A89E7C92-39D4-4447-844A-DB7451A8B1B1}"
EndProject
Global
	GlobalSection(SolutionConfigurationPlatforms) = preSolution
		Debug|Any CPU = Debug|Any CPU
		Release|Any CPU = Release|Any CPU
	EndGlobalSection
	GlobalSection(ProjectConfigurationPlatforms) = postSolution
		{A89E7C92-39D4-4447-844A-DB7451A8B1B1}.Debug|Any CPU.ActiveCfg = Debug|Any CPU
		{A89E7C92-39D4-4447-844A-DB7451A8B1B1}.Debug|Any CPU.Build.0 = Debug|Any CPU
		{A89E7C92-39D4-4447-844A-DB7451A8B1B1}.Release|Any CPU.ActiveCfg = Release|Any CPU
		{A89E7C92-39D4-4447-844A-DB7451A8B1B1}.Release|Any CPU.Build.0 = Release|Any CPU
	EndGlobalSection
	GlobalSection(SolutionProperties) = preSolution
		HideSolutionNode = FALSE
	EndGlobalSection
	GlobalSection(ExtensibilityGlobals) = postSolution
		SolutionGuid = {19CEC591-A151-4F1E-9606-710106269DF8}
	EndGlobalSection
EndGlobal
