
Microsoft Visual Studio Solution File, Format Version 12.00
# Visual Studio Version 17
VisualStudioVersion = 17.13.35825.156 d17.13
MinimumVisualStudioVersion = 10.0.40219.1
Project("{FAE04EC0-301F-11D3-BF4B-00C04F79EFBC}") = "DeadlockSim", "DeadlockSim\DeadlockSim.csproj", "{CBCA45B9-CBF4-421D-A9B9-2282F98C80ED}"
EndProject
Global
	GlobalSection(SolutionConfigurationPlatforms) = preSolution
		Debug|Any CPU = Debug|Any CPU
		Release|Any CPU = Release|Any CPU
	EndGlobalSection
	GlobalSection(ProjectConfigurationPlatforms) = postSolution
		{CBCA45B9-CBF4-421D-A9B9-2282F98C80ED}.Debug|Any CPU.ActiveCfg = Debug|Any CPU
		{CBCA45B9-CBF4-421D-A9B9-2282F98C80ED}.Debug|Any CPU.Build.0 = Debug|Any CPU
		{CBCA45B9-CBF4-421D-A9B9-2282F98C80ED}.Release|Any CPU.ActiveCfg = Release|Any CPU
		{CBCA45B9-CBF4-421D-A9B9-2282F98C80ED}.Release|Any CPU.Build.0 = Release|Any CPU
	EndGlobalSection
	GlobalSection(SolutionProperties) = preSolution
		HideSolutionNode = FALSE
	EndGlobalSection
	GlobalSection(ExtensibilityGlobals) = postSolution
		SolutionGuid = {B8D2EB97-47C9-4942-9B36-62BA08DA7962}
	EndGlobalSection
EndGlobal
